// !$*UTF8*$!
{
	archiveVersion = 1;
	classes = {
	};
	objectVersion = 46;
	objects = {

/* Begin PBXBuildFile section */
		2B44DE871B48693F00CB744D /* APIController.swift in Sources */ = {isa = PBXBuildFile; fileRef = 2B44DE861B48693F00CB744D /* APIController.swift */; };
		2B44DE891B4A4F6000CB744D /* Blank52.png in Resources */ = {isa = PBXBuildFile; fileRef = 2B44DE881B4A4F6000CB744D /* Blank52.png */; };
		2BD145D21B4785B000ADCE69 /* AppDelegate.swift in Sources */ = {isa = PBXBuildFile; fileRef = 2BD145D11B4785B000ADCE69 /* AppDelegate.swift */; };
		2BD145D41B4785B000ADCE69 /* SearchResultsViewController.swift in Sources */ = {isa = PBXBuildFile; fileRef = 2BD145D31B4785B000ADCE69 /* SearchResultsViewController.swift */; };
		2BD145D71B4785B000ADCE69 /* Main.storyboard in Resources */ = {isa = PBXBuildFile; fileRef = 2BD145D51B4785B000ADCE69 /* Main.storyboard */; };
		2BD145D91B4785B000ADCE69 /* Images.xcassets in Resources */ = {isa = PBXBuildFile; fileRef = 2BD145D81B4785B000ADCE69 /* Images.xcassets */; };
		2BD145DC1B4785B000ADCE69 /* LaunchScreen.xib in Resources */ = {isa = PBXBuildFile; fileRef = 2BD145DA1B4785B000ADCE69 /* LaunchScreen.xib */; };
		2BD145E81B4785B100ADCE69 /* HelloWorldTests.swift in Sources */ = {isa = PBXBuildFile; fileRef = 2BD145E71B4785B100ADCE69 /* HelloWorldTests.swift */; };
/* End PBXBuildFile section */

/* Begin PBXContainerItemProxy section */
		2BD145E21B4785B100ADCE69 /* PBXContainerItemProxy */ = {
			isa = PBXContainerItemProxy;
			containerPortal = 2BD145C41B4785B000ADCE69 /* Project object */;
			proxyType = 1;
			remoteGlobalIDString = 2BD145CB1B4785B000ADCE69;
			remoteInfo = HelloWorld;
		};
/* End PBXContainerItemProxy section */

/* Begin PBXFileReference section */
		2B44DE861B48693F00CB744D /* APIController.swift */ = {isa = PBXFileReference; fileEncoding = 4; lastKnownFileType = sourcecode.swift; path = APIController.swift; sourceTree = "<group>"; };
		2B44DE881B4A4F6000CB744D /* Blank52.png */ = {isa = PBXFileReference; lastKnownFileType = image.png; path = Blank52.png; sourceTree = "<group>"; };
		2BD145CC1B4785B000ADCE69 /* HelloWorld.app */ = {isa = PBXFileReference; explicitFileType = wrapper.application; includeInIndex = 0; path = HelloWorld.app; sourceTree = BUILT_PRODUCTS_DIR; };
		2BD145D01B4785B000ADCE69 /* Info.plist */ = {isa = PBXFileReference; lastKnownFileType = text.plist.xml; path = Info.plist; sourceTree = "<group>"; };
		2BD145D11B4785B000ADCE69 /* AppDelegate.swift */ = {isa = PBXFileReference; lastKnownFileType = sourcecode.swift; path = AppDelegate.swift; sourceTree = "<group>"; };
		2BD145D31B4785B000ADCE69 /* SearchResultsViewController.swift */ = {isa = PBXFileReference; lastKnownFileType = sourcecode.swift; path = SearchResultsViewController.swift; sourceTree = "<group>"; };
		2BD145D61B4785B000ADCE69 /* Base */ = {isa = PBXFileReference; lastKnownFileType = file.storyboard; name = Base; path = Base.lproj/Main.storyboard; sourceTree = "<group>"; };
		2BD145D81B4785B000ADCE69 /* Images.xcassets */ = {isa = PBXFileReference; lastKnownFileType = folder.assetcatalog; path = Images.xcassets; sourceTree = "<group>"; };
		2BD145DB1B4785B000ADCE69 /* Base */ = {isa = PBXFileReference; lastKnownFileType = file.xib; name = Base; path = Base.lproj/LaunchScreen.xib; sourceTree = "<group>"; };
		2BD145E11B4785B100ADCE69 /* HelloWorldTests.xctest */ = {isa = PBXFileReference; explicitFileType = wrapper.cfbundle; includeInIndex = 0; path = HelloWorldTests.xctest; sourceTree = BUILT_PRODUCTS_DIR; };
		2BD145E61B4785B100ADCE69 /* Info.plist */ = {isa = PBXFileReference; lastKnownFileType = text.plist.xml; path = Info.plist; sourceTree = "<group>"; };
		2BD145E71B4785B100ADCE69 /* HelloWorldTests.swift */ = {isa = PBXFileReference; lastKnownFileType = sourcecode.swift; path = HelloWorldTests.swift; sourceTree = "<group>"; };
/* End PBXFileReference section */

/* Begin PBXFrameworksBuildPhase section */
		2BD145C91B4785B000ADCE69 /* Frameworks */ = {
			isa = PBXFrameworksBuildPhase;
			buildActionMask = 2147483647;
			files = (
			);
			runOnlyForDeploymentPostprocessing = 0;
		};
		2BD145DE1B4785B100ADCE69 /* Frameworks */ = {
			isa = PBXFrameworksBuildPhase;
			buildActionMask = 2147483647;
			files = (
			);
			runOnlyForDeploymentPostprocessing = 0;
		};
/* End PBXFrameworksBuildPhase section */

/* Begin PBXGroup section */
		2BD145C31B4785B000ADCE69 = {
			isa = PBXGroup;
			children = (
				2BD145CE1B4785B000ADCE69 /* HelloWorld */,
				2BD145E41B4785B100ADCE69 /* HelloWorldTests */,
				2BD145CD1B4785B000ADCE69 /* Products */,
			);
			sourceTree = "<group>";
		};
		2BD145CD1B4785B000ADCE69 /* Products */ = {
			isa = PBXGroup;
			children = (
				2BD145CC1B4785B000ADCE69 /* HelloWorld.app */,
				2BD145E11B4785B100ADCE69 /* HelloWorldTests.xctest */,
			);
			name = Products;
			sourceTree = "<group>";
		};
		2BD145CE1B4785B000ADCE69 /* HelloWorld */ = {
			isa = PBXGroup;
			children = (
				2B44DE881B4A4F6000CB744D /* Blank52.png */,
				2BD145D11B4785B000ADCE69 /* AppDelegate.swift */,
				2BD145D31B4785B000ADCE69 /* SearchResultsViewController.swift */,
				2B44DE861B48693F00CB744D /* APIController.swift */,
				2BD145D51B4785B000ADCE69 /* Main.storyboard */,
				2BD145D81B4785B000ADCE69 /* Images.xcassets */,
				2BD145DA1B4785B000ADCE69 /* LaunchScreen.xib */,
				2BD145CF1B4785B000ADCE69 /* Supporting Files */,
			);
			path = HelloWorld;
			sourceTree = "<group>";
		};
		2BD145CF1B4785B000ADCE69 /* Supporting Files */ = {
			isa = PBXGroup;
			children = (
				2BD145D01B4785B000ADCE69 /* Info.plist */,
			);
			name = "Supporting Files";
			sourceTree = "<group>";
		};
		2BD145E41B4785B100ADCE69 /* HelloWorldTests */ = {
			isa = PBXGroup;
			children = (
				2BD145E71B4785B100ADCE69 /* HelloWorldTests.swift */,
				2BD145E51B4785B100ADCE69 /* Supporting Files */,
			);
			path = HelloWorldTests;
			sourceTree = "<group>";
		};
		2BD145E51B4785B100ADCE69 /* Supporting Files */ = {
			isa = PBXGroup;
			children = (
				2BD145E61B4785B100ADCE69 /* Info.plist */,
			);
			name = "Supporting Files";
			sourceTree = "<group>";
		};
/* End PBXGroup section */

/* Begin PBXNativeTarget section */
		2BD145CB1B4785B000ADCE69 /* HelloWorld */ = {
			isa = PBXNativeTarget;
			buildConfigurationList = 2BD145EB1B4785B100ADCE69 /* Build configuration list for PBXNativeTarget "HelloWorld" */;
			buildPhases = (
				2BD145C81B4785B000ADCE69 /* Sources */,
				2BD145C91B4785B000ADCE69 /* Frameworks */,
				2BD145CA1B4785B000ADCE69 /* Resources */,
			);
			buildRules = (
			);
			dependencies = (
			);
			name = HelloWorld;
			productName = HelloWorld;
			productReference = 2BD145CC1B4785B000ADCE69 /* HelloWorld.app */;
			productType = "com.apple.product-type.application";
		};
		2BD145E01B4785B100ADCE69 /* HelloWorldTests */ = {
			isa = PBXNativeTarget;
			buildConfigurationList = 2BD145EE1B4785B100ADCE69 /* Build configuration list for PBXNativeTarget "HelloWorldTests" */;
			buildPhases = (
				2BD145DD1B4785B100ADCE69 /* Sources */,
				2BD145DE1B4785B100ADCE69 /* Frameworks */,
				2BD145DF1B4785B100ADCE69 /* Resources */,
			);
			buildRules = (
			);
			dependencies = (
				2BD145E31B4785B100ADCE69 /* PBXTargetDependency */,
			);
			name = HelloWorldTests;
			productName = HelloWorldTests;
			productReference = 2BD145E11B4785B100ADCE69 /* HelloWorldTests.xctest */;
			productType = "com.apple.product-type.bundle.unit-test";
		};
/* End PBXNativeTarget section */

/* Begin PBXProject section */
		2BD145C41B4785B000ADCE69 /* Project object */ = {
			isa = PBXProject;
			attributes = {
				LastUpgradeCheck = 0640;
				ORGANIZATIONNAME = "Philip Ingram";
				TargetAttributes = {
					2BD145CB1B4785B000ADCE69 = {
						CreatedOnToolsVersion = 6.4;
					};
					2BD145E01B4785B100ADCE69 = {
						CreatedOnToolsVersion = 6.4;
						TestTargetID = 2BD145CB1B4785B000ADCE69;
					};
				};
			};
			buildConfigurationList = 2BD145C71B4785B000ADCE69 /* Build configuration list for PBXProject "HelloWorld" */;
			compatibilityVersion = "Xcode 3.2";
			developmentRegion = English;
			hasScannedForEncodings = 0;
			knownRegions = (
				en,
				Base,
			);
			mainGroup = 2BD145C31B4785B000ADCE69;
			productRefGroup = 2BD145CD1B4785B000ADCE69 /* Products */;
			projectDirPath = "";
			projectRoot = "";
			targets = (
				2BD145CB1B4785B000ADCE69 /* HelloWorld */,
				2BD145E01B4785B100ADCE69 /* HelloWorldTests */,
			);
		};
/* End PBXProject section */

/* Begin PBXResourcesBuildPhase section */
		2BD145CA1B4785B000ADCE69 /* Resources */ = {
			isa = PBXResourcesBuildPhase;
			buildActionMask = 2147483647;
			files = (
				2BD145D71B4785B000ADCE69 /* Main.storyboard in Resources */,
				2B44DE891B4A4F6000CB744D /* Blank52.png in Resources */,
				2BD145DC1B4785B000ADCE69 /* LaunchScreen.xib in Resources */,
				2BD145D91B4785B000ADCE69 /* Images.xcassets in Resources */,
			);
			runOnlyForDeploymentPostprocessing = 0;
		};
		2BD145DF1B4785B100ADCE69 /* Resources */ = {
			isa = PBXResourcesBuildPhase;
			buildActionMask = 2147483647;
			files = (
			);
			runOnlyForDeploymentPostprocessing = 0;
		};
/* End PBXResourcesBuildPhase section */

/* Begin PBXSourcesBuildPhase section */
		2BD145C81B4785B000ADCE69 /* Sources */ = {
			isa = PBXSourcesBuildPhase;
			buildActionMask = 2147483647;
			files = (
				2BD145D41B4785B000ADCE69 /* SearchResultsViewController.swift in Sources */,
				2BD145D21B4785B000ADCE69 /* AppDelegate.swift in Sources */,
				2B44DE871B48693F00CB744D /* APIController.swift in Sources */,
			);
			runOnlyForDeploymentPostprocessing = 0;
		};
		2BD145DD1B4785B100ADCE69 /* Sources */ = {
			isa = PBXSourcesBuildPhase;
			buildActionMask = 2147483647;
			files = (
				2BD145E81B4785B100ADCE69 /* HelloWorldTests.swift in Sources */,
			);
			runOnlyForDeploymentPostprocessing = 0;
		};
/* End PBXSourcesBuildPhase section */

/* Begin PBXTargetDependency section */
		2BD145E31B4785B100ADCE69 /* PBXTargetDependency */ = {
			isa = PBXTargetDependency;
			target = 2BD145CB1B4785B000ADCE69 /* HelloWorld */;
			targetProxy = 2BD145E21B4785B100ADCE69 /* PBXContainerItemProxy */;
		};
/* End PBXTargetDependency section */

/* Begin PBXVariantGroup section */
		2BD145D51B4785B000ADCE69 /* Main.storyboard */ = {
			isa = PBXVariantGroup;
			children = (
				2BD145D61B4785B000ADCE69 /* Base */,
			);
			name = Main.storyboard;
			sourceTree = "<group>";
		};
		2BD145DA1B4785B000ADCE69 /* LaunchScreen.xib */ = {
			isa = PBXVariantGroup;
			children = (
				2BD145DB1B4785B000ADCE69 /* Base */,
			);
			name = LaunchScreen.xib;
			sourceTree = "<group>";
		};
/* End PBXVariantGroup section */

/* Begin XCBuildConfiguration section */
		2BD145E91B4785B100ADCE69 /* Debug */ = {
			isa = XCBuildConfiguration;
			buildSettings = {
				ALWAYS_SEARCH_USER_PATHS = NO;
				CLANG_CXX_LANGUAGE_STANDARD = "gnu++0x";
				CLANG_CXX_LIBRARY = "libc++";
				CLANG_ENABLE_MODULES = YES;
				CLANG_ENABLE_OBJC_ARC = YES;
				CLANG_WARN_BOOL_CONVERSION = YES;
				CLANG_WARN_CONSTANT_CONVERSION = YES;
				CLANG_WARN_DIRECT_OBJC_ISA_USAGE = YES_ERROR;
				CLANG_WARN_EMPTY_BODY = YES;
				CLANG_WARN_ENUM_CONVERSION = YES;
				CLANG_WARN_INT_CONVERSION = YES;
				CLANG_WARN_OBJC_ROOT_CLASS = YES_ERROR;
				CLANG_WARN_UNREACHABLE_CODE = YES;
				CLANG_WARN__DUPLICATE_METHOD_MATCH = YES;
				"CODE_SIGN_IDENTITY[sdk=iphoneos*]" = "iPhone Developer";
				COPY_PHASE_STRIP = NO;
				DEBUG_INFORMATION_FORMAT = "dwarf-with-dsym";
				ENABLE_STRICT_OBJC_MSGSEND = YES;
				GCC_C_LANGUAGE_STANDARD = gnu99;
				GCC_DYNAMIC_NO_PIC = NO;
				GCC_NO_COMMON_BLOCKS = YES;
				GCC_OPTIMIZATION_LEVEL = 0;
				GCC_PREPROCESSOR_DEFINITIONS = (
					"DEBUG=1",
					"$(inherited)",
				);
				GCC_SYMBOLS_PRIVATE_EXTERN = NO;
				GCC_WARN_64_TO_32_BIT_CONVERSION = YES;
				GCC_WARN_ABOUT_RETURN_TYPE = YES_ERROR;
				GCC_WARN_UNDECLARED_SELECTOR = YES;
				GCC_WARN_UNINITIALIZED_AUTOS = YES_AGGRESSIVE;
				GCC_WARN_UNUSED_FUNCTION = YES;
				GCC_WARN_UNUSED_VARIABLE = YES;
				IPHONEOS_DEPLOYMENT_TARGET = 8.4;
				MTL_ENABLE_DEBUG_INFO = YES;
				ONLY_ACTIVE_ARCH = YES;
				SDKROOT = iphoneos;
				SWIFT_OPTIMIZATION_LEVEL = "-Onone";
			};
			name = Debug;
		};
		2BD145EA1B4785B100ADCE69 /* Release */ = {
			isa = XCBuildConfiguration;
			buildSettings = {
				ALWAYS_SEARCH_USER_PATHS = NO;
				CLANG_CXX_LANGUAGE_STANDARD = "gnu++0x";
				CLANG_CXX_LIBRARY = "libc++";
				CLANG_ENABLE_MODULES = YES;
				CLANG_ENABLE_OBJC_ARC = YES;
				CLANG_WARN_BOOL_CONVERSION = YES;
				CLANG_WARN_CONSTANT_CONVERSION = YES;
				CLANG_WARN_DIRECT_OBJC_ISA_USAGE = YES_ERROR;
				CLANG_WARN_EMPTY_BODY = YES;
				CLANG_WARN_ENUM_CONVERSION = YES;
				CLANG_WARN_INT_CONVERSION = YES;
				CLANG_WARN_OBJC_ROOT_CLASS = YES_ERROR;
				CLANG_WARN_UNREACHABLE_CODE = YES;
				CLANG_WARN__DUPLICATE_METHOD_MATCH = YES;
				"CODE_SIGN_IDENTITY[sdk=iphoneos*]" = "iPhone Developer";
				COPY_PHASE_STRIP = NO;
				DEBUG_INFORMATION_FORMAT = "dwarf-with-dsym";
				ENABLE_NS_ASSERTIONS = NO;
				ENABLE_STRICT_OBJC_MSGSEND = YES;
				GCC_C_LANGUAGE_STANDARD = gnu99;
				GCC_NO_COMMON_BLOCKS = YES;
				GCC_WARN_64_TO_32_BIT_CONVERSION = YES;
				GCC_WARN_ABOUT_RETURN_TYPE = YES_ERROR;
				GCC_WARN_UNDECLARED_SELECTOR = YES;
				GCC_WARN_UNINITIALIZED_AUTOS = YES_AGGRESSIVE;
				GCC_WARN_UNUSED_FUNCTION = YES;
				GCC_WARN_UNUSED_VARIABLE = YES;
				IPHONEOS_DEPLOYMENT_TARGET = 8.4;
				MTL_ENABLE_DEBUG_INFO = NO;
				SDKROOT = iphoneos;
				VALIDATE_PRODUCT = YES;
			};
			name = Release;
		};
		2BD145EC1B4785B100ADCE69 /* Debug */ = {
			isa = XCBuildConfiguration;
			buildSettings = {
				ASSETCATALOG_COMPILER_APPICON_NAME = AppIcon;
				INFOPLIST_FILE = HelloWorld/Info.plist;
				LD_RUNPATH_SEARCH_PATHS = "$(inherited) @executable_path/Frameworks";
				PRODUCT_NAME = "$(TARGET_NAME)";
			};
			name = Debug;
		};
		2BD145ED1B4785B100ADCE69 /* Release */ = {
			isa = XCBuildConfiguration;
			buildSettings = {
				ASSETCATALOG_COMPILER_APPICON_NAME = AppIcon;
				INFOPLIST_FILE = HelloWorld/Info.plist;
				LD_RUNPATH_SEARCH_PATHS = "$(inherited) @executable_path/Frameworks";
				PRODUCT_NAME = "$(TARGET_NAME)";
			};
			name = Release;
		};
		2BD145EF1B4785B100ADCE69 /* Debug */ = {
			isa = XCBuildConfiguration;
			buildSettings = {
				BUNDLE_LOADER = "$(TEST_HOST)";
				FRAMEWORK_SEARCH_PATHS = (
					"$(SDKROOT)/Developer/Library/Frameworks",
					"$(inherited)",
				);
				GCC_PREPROCESSOR_DEFINITIONS = (
					"DEBUG=1",
					"$(inherited)",
				);
				INFOPLIST_FILE = HelloWorldTests/Info.plist;
				LD_RUNPATH_SEARCH_PATHS = "$(inherited) @executable_path/Frameworks @loader_path/Frameworks";
				PRODUCT_NAME = "$(TARGET_NAME)";
				TEST_HOST = "$(BUILT_PRODUCTS_DIR)/HelloWorld.app/HelloWorld";
			};
			name = Debug;
		};
		2BD145F01B4785B100ADCE69 /* Release */ = {
			isa = XCBuildConfiguration;
			buildSettings = {
				BUNDLE_LOADER = "$(TEST_HOST)";
				FRAMEWORK_SEARCH_PATHS = (
					"$(SDKROOT)/Developer/Library/Frameworks",
					"$(inherited)",
				);
				INFOPLIST_FILE = HelloWorldTests/Info.plist;
				LD_RUNPATH_SEARCH_PATHS = "$(inherited) @executable_path/Frameworks @loader_path/Frameworks";
				PRODUCT_NAME = "$(TARGET_NAME)";
				TEST_HOST = "$(BUILT_PRODUCTS_DIR)/HelloWorld.app/HelloWorld";
			};
			name = Release;
		};
/* End XCBuildConfiguration section */

/* Begin XCConfigurationList section */
		2BD145C71B4785B000ADCE69 /* Build configuration list for PBXProject "HelloWorld" */ = {
			isa = XCConfigurationList;
			buildConfigurations = (
				2BD145E91B4785B100ADCE69 /* Debug */,
				2BD145EA1B4785B100ADCE69 /* Release */,
			);
			defaultConfigurationIsVisible = 0;
			defaultConfigurationName = Release;
		};
		2BD145EB1B4785B100ADCE69 /* Build configuration list for PBXNativeTarget "HelloWorld" */ = {
			isa = XCConfigurationList;
			buildConfigurations = (
				2BD145EC1B4785B100ADCE69 /* Debug */,
				2BD145ED1B4785B100ADCE69 /* Release */,
			);
			defaultConfigurationIsVisible = 0;
			defaultConfigurationName = Release;
		};
		2BD145EE1B4785B100ADCE69 /* Build configuration list for PBXNativeTarget "HelloWorldTests" */ = {
			isa = XCConfigurationList;
			buildConfigurations = (
				2BD145EF1B4785B100ADCE69 /* Debug */,
				2BD145F01B4785B100ADCE69 /* Release */,
			);
			defaultConfigurationIsVisible = 0;
			defaultConfigurationName = Release;
		};
/* End XCConfigurationList section */
	};
	rootObject = 2BD145C41B4785B000ADCE69 /* Project object */;
}
